
Microsoft Visual Studio Solution File, Format Version 12.00
# Visual Studio Version 16
VisualStudioVersion = 16.0.28922.388
MinimumVisualStudioVersion = 10.0.40219.1
Project("{FAE04EC0-301F-11D3-BF4B-00C04F79EFBC}") = "Lesson_1(WPF)", "Lesson_1(WPF)\Lesson_1(WPF).csproj", "{63264011-1F5F-4866-AC01-557A6EBCE98A}"
EndProject
Project("{FAE04EC0-301F-11D3-BF4B-00C04F79EFBC}") = "Calculator", "Calculator\Calculator.csproj", "{6ECBB036-0CCA-459A-A666-0369EED3BAE9}"
EndProject
Global
	GlobalSection(SolutionConfigurationPlatforms) = preSolution
		Debug|Any CPU = Debug|Any CPU
		Release|Any CPU = Release|Any CPU
	EndGlobalSection
	GlobalSection(ProjectConfigurationPlatforms) = postSolution
		{63264011-1F5F-4866-AC01-557A6EBCE98A}.Debug|Any CPU.ActiveCfg = Debug|Any CPU
		{63264011-1F5F-4866-AC01-557A6EBCE98A}.Debug|Any CPU.Build.0 = Debug|Any CPU
		{63264011-1F5F-4866-AC01-557A6EBCE98A}.Release|Any CPU.ActiveCfg = Release|Any CPU
		{63264011-1F5F-4866-AC01-557A6EBCE98A}.Release|Any CPU.Build.0 = Release|Any CPU
		{6ECBB036-0CCA-459A-A666-0369EED3BAE9}.Debug|Any CPU.ActiveCfg = Debug|Any CPU
		{6ECBB036-0CCA-459A-A666-0369EED3BAE9}.Debug|Any CPU.Build.0 = Debug|Any CPU
		{6ECBB036-0CCA-459A-A666-0369EED3BAE9}.Release|Any CPU.ActiveCfg = Release|Any CPU
		{6ECBB036-0CCA-459A-A666-0369EED3BAE9}.Release|Any CPU.Build.0 = Release|Any CPU
	EndGlobalSection
	GlobalSection(SolutionProperties) = preSolution
		HideSolutionNode = FALSE
	EndGlobalSection
	GlobalSection(ExtensibilityGlobals) = postSolution
		SolutionGuid = {48534CF5-CAC2-4520-A7D6-9B5C09294FCF}
	EndGlobalSection
EndGlobal
