
Microsoft Visual Studio Solution File, Format Version 12.00
# Visual Studio Version 16
VisualStudioVersion = 16.0.28922.388
MinimumVisualStudioVersion = 10.0.40219.1
Project("{FAE04EC0-301F-11D3-BF4B-00C04F79EFBC}") = "LibraryDB2(try_millionth)", "LibraryDB2(try_millionth)\LibraryDB2(try_millionth).csproj", "{1B58E8EB-9879-4D62-B4D3-830EBFC924BB}"
EndProject
Global
	GlobalSection(SolutionConfigurationPlatforms) = preSolution
		Debug|Any CPU = Debug|Any CPU
		Release|Any CPU = Release|Any CPU
	EndGlobalSection
	GlobalSection(ProjectConfigurationPlatforms) = postSolution
		{1B58E8EB-9879-4D62-B4D3-830EBFC924BB}.Debug|Any CPU.ActiveCfg = Debug|Any CPU
		{1B58E8EB-9879-4D62-B4D3-830EBFC924BB}.Debug|Any CPU.Build.0 = Debug|Any CPU
		{1B58E8EB-9879-4D62-B4D3-830EBFC924BB}.Release|Any CPU.ActiveCfg = Release|Any CPU
		{1B58E8EB-9879-4D62-B4D3-830EBFC924BB}.Release|Any CPU.Build.0 = Release|Any CPU
	EndGlobalSection
	GlobalSection(SolutionProperties) = preSolution
		HideSolutionNode = FALSE
	EndGlobalSection
	GlobalSection(ExtensibilityGlobals) = postSolution
		SolutionGuid = {8A631AF6-A419-4D07-9E7F-27A11B357FBC}
	EndGlobalSection
EndGlobal
